
Microsoft Visual Studio Solution File, Format Version 12.00
# Visual Studio Version 17
VisualStudioVersion = 17.2.32630.192
MinimumVisualStudioVersion = 10.0.40219.1
Project("{8BC9CEB8-8B4A-11D0-8D11-00A0C91BC942}") = "UnionEnum", "UnionEnum.vcxproj", "{C99DFF9F-D400-4547-BF46-6E90F38E107F}"
EndProject
Global
	GlobalSection(SolutionConfigurationPlatforms) = preSolution
		Debug|x64 = Debug|x64
		Debug|x86 = Debug|x86
		Release|x64 = Release|x64
		Release|x86 = Release|x86
	EndGlobalSection
	GlobalSection(ProjectConfigurationPlatforms) = postSolution
		{C99DFF9F-D400-4547-BF46-6E90F38E107F}.Debug|x64.ActiveCfg = Debug|x64
		{C99DFF9F-D400-4547-BF46-6E90F38E107F}.Debug|x64.Build.0 = Debug|x64
		{C99DFF9F-D400-4547-BF46-6E90F38E107F}.Debug|x86.ActiveCfg = Debug|Win32
		{C99DFF9F-D400-4547-BF46-6E90F38E107F}.Debug|x86.Build.0 = Debug|Win32
		{C99DFF9F-D400-4547-BF46-6E90F38E107F}.Release|x64.ActiveCfg = Release|x64
		{C99DFF9F-D400-4547-BF46-6E90F38E107F}.Release|x64.Build.0 = Release|x64
		{C99DFF9F-D400-4547-BF46-6E90F38E107F}.Release|x86.ActiveCfg = Release|Win32
		{C99DFF9F-D400-4547-BF46-6E90F38E107F}.Release|x86.Build.0 = Release|Win32
	EndGlobalSection
	GlobalSection(SolutionProperties) = preSolution
		HideSolutionNode = FALSE
	EndGlobalSection
	GlobalSection(ExtensibilityGlobals) = postSolution
		SolutionGuid = {342A1486-CB9E-4EE9-A87A-D7E9925FF305}
	EndGlobalSection
EndGlobal
